
Microsoft Visual Studio Solution File, Format Version 12.00
# Visual Studio Version 17
VisualStudioVersion = 17.1.31911.260
MinimumVisualStudioVersion = 10.0.40219.1
Project("{9A19103F-16F7-4668-BE54-9A1E7A4F7556}") = "Singleton", "Singleton\Singleton.csproj", "{DF259592-BAA2-4296-A805-07A5BBAED508}"
EndProject
Project("{9A19103F-16F7-4668-BE54-9A1E7A4F7556}") = "ChainOfResponsibility", "ChainOfResponsibility\ChainOfResponsibility.csproj", "{69BCE230-97C0-43BD-8FAC-E1ED7075DCDC}"
EndProject
Project("{9A19103F-16F7-4668-BE54-9A1E7A4F7556}") = "Adapter", "Adapter\Adapter.csproj", "{788F5D52-3E62-46CD-A072-2E2CE6CEB544}"
EndProject
Project("{9A19103F-16F7-4668-BE54-9A1E7A4F7556}") = "Strategy", "Strategy\Strategy.csproj", "{C1853B12-7218-4BBB-8776-9385FE05C475}"
EndProject
Project("{FAE04EC0-301F-11D3-BF4B-00C04F79EFBC}") = "Factory", "Factory\Factory.csproj", "{24573445-A069-4AD2-87A3-CF6399727D70}"
EndProject
Global
	GlobalSection(SolutionConfigurationPlatforms) = preSolution
		Debug|Any CPU = Debug|Any CPU
		Release|Any CPU = Release|Any CPU
	EndGlobalSection
	GlobalSection(ProjectConfigurationPlatforms) = postSolution
		{DF259592-BAA2-4296-A805-07A5BBAED508}.Debug|Any CPU.ActiveCfg = Debug|Any CPU
		{DF259592-BAA2-4296-A805-07A5BBAED508}.Debug|Any CPU.Build.0 = Debug|Any CPU
		{DF259592-BAA2-4296-A805-07A5BBAED508}.Release|Any CPU.ActiveCfg = Release|Any CPU
		{DF259592-BAA2-4296-A805-07A5BBAED508}.Release|Any CPU.Build.0 = Release|Any CPU
		{69BCE230-97C0-43BD-8FAC-E1ED7075DCDC}.Debug|Any CPU.ActiveCfg = Debug|Any CPU
		{69BCE230-97C0-43BD-8FAC-E1ED7075DCDC}.Debug|Any CPU.Build.0 = Debug|Any CPU
		{69BCE230-97C0-43BD-8FAC-E1ED7075DCDC}.Release|Any CPU.ActiveCfg = Release|Any CPU
		{69BCE230-97C0-43BD-8FAC-E1ED7075DCDC}.Release|Any CPU.Build.0 = Release|Any CPU
		{788F5D52-3E62-46CD-A072-2E2CE6CEB544}.Debug|Any CPU.ActiveCfg = Debug|Any CPU
		{788F5D52-3E62-46CD-A072-2E2CE6CEB544}.Debug|Any CPU.Build.0 = Debug|Any CPU
		{788F5D52-3E62-46CD-A072-2E2CE6CEB544}.Release|Any CPU.ActiveCfg = Release|Any CPU
		{788F5D52-3E62-46CD-A072-2E2CE6CEB544}.Release|Any CPU.Build.0 = Release|Any CPU
		{C1853B12-7218-4BBB-8776-9385FE05C475}.Debug|Any CPU.ActiveCfg = Debug|Any CPU
		{C1853B12-7218-4BBB-8776-9385FE05C475}.Debug|Any CPU.Build.0 = Debug|Any CPU
		{C1853B12-7218-4BBB-8776-9385FE05C475}.Release|Any CPU.ActiveCfg = Release|Any CPU
		{C1853B12-7218-4BBB-8776-9385FE05C475}.Release|Any CPU.Build.0 = Release|Any CPU
		{24573445-A069-4AD2-87A3-CF6399727D70}.Debug|Any CPU.ActiveCfg = Debug|Any CPU
		{24573445-A069-4AD2-87A3-CF6399727D70}.Debug|Any CPU.Build.0 = Debug|Any CPU
		{24573445-A069-4AD2-87A3-CF6399727D70}.Release|Any CPU.ActiveCfg = Release|Any CPU
		{24573445-A069-4AD2-87A3-CF6399727D70}.Release|Any CPU.Build.0 = Release|Any CPU
	EndGlobalSection
	GlobalSection(SolutionProperties) = preSolution
		HideSolutionNode = FALSE
	EndGlobalSection
	GlobalSection(ExtensibilityGlobals) = postSolution
		SolutionGuid = {A158B8B4-2F39-42D3-A0CF-670A1112CC43}
	EndGlobalSection
EndGlobal
